
Microsoft Visual Studio Solution File, Format Version 12.00
# Visual Studio 15
VisualStudioVersion = 15.0.28307.572
MinimumVisualStudioVersion = 10.0.40219.1
Project("{9A19103F-16F7-4668-BE54-9A1E7A4F7556}") = "Api", "Api\Api.csproj", "{94573649-DEBF-498B-8ABF-50A0BE9E2D1C}"
EndProject
Project("{9A19103F-16F7-4668-BE54-9A1E7A4F7556}") = "Api.SignalR", "Api.SignalR\Api.SignalR.csproj", "{5FCF4429-62A7-473F-9B15-B4935210117A}"
EndProject
Project("{FAE04EC0-301F-11D3-BF4B-00C04F79EFBC}") = "Ping.Commons.Dtos", "Ping.Commons.Dtos\Ping.Commons.Dtos.csproj", "{61FA841C-5733-4C79-81C6-675892163A8B}"
EndProject
Global
	GlobalSection(SolutionConfigurationPlatforms) = preSolution
		Debug|Any CPU = Debug|Any CPU
		Release|Any CPU = Release|Any CPU
	EndGlobalSection
	GlobalSection(ProjectConfigurationPlatforms) = postSolution
		{94573649-DEBF-498B-8ABF-50A0BE9E2D1C}.Debug|Any CPU.ActiveCfg = Debug|Any CPU
		{94573649-DEBF-498B-8ABF-50A0BE9E2D1C}.Debug|Any CPU.Build.0 = Debug|Any CPU
		{94573649-DEBF-498B-8ABF-50A0BE9E2D1C}.Release|Any CPU.ActiveCfg = Release|Any CPU
		{94573649-DEBF-498B-8ABF-50A0BE9E2D1C}.Release|Any CPU.Build.0 = Release|Any CPU
		{5FCF4429-62A7-473F-9B15-B4935210117A}.Debug|Any CPU.ActiveCfg = Debug|Any CPU
		{5FCF4429-62A7-473F-9B15-B4935210117A}.Debug|Any CPU.Build.0 = Debug|Any CPU
		{5FCF4429-62A7-473F-9B15-B4935210117A}.Release|Any CPU.ActiveCfg = Release|Any CPU
		{5FCF4429-62A7-473F-9B15-B4935210117A}.Release|Any CPU.Build.0 = Release|Any CPU
		{61FA841C-5733-4C79-81C6-675892163A8B}.Debug|Any CPU.ActiveCfg = Debug|Any CPU
		{61FA841C-5733-4C79-81C6-675892163A8B}.Debug|Any CPU.Build.0 = Debug|Any CPU
		{61FA841C-5733-4C79-81C6-675892163A8B}.Release|Any CPU.ActiveCfg = Release|Any CPU
		{61FA841C-5733-4C79-81C6-675892163A8B}.Release|Any CPU.Build.0 = Release|Any CPU
	EndGlobalSection
	GlobalSection(SolutionProperties) = preSolution
		HideSolutionNode = FALSE
	EndGlobalSection
	GlobalSection(ExtensibilityGlobals) = postSolution
		SolutionGuid = {8AEDC5A0-8CAD-44D0-9359-A1FB56DB305E}
	EndGlobalSection
EndGlobal
